
Microsoft Visual Studio Solution File, Format Version 12.00
# Visual Studio Version 17
VisualStudioVersion = 17.9.34616.47
MinimumVisualStudioVersion = 10.0.40219.1
Project("{FAE04EC0-301F-11D3-BF4B-00C04F79EFBC}") = "f&g hotel", "f&g hotel\f&g hotel.csproj", "{AEF10BD3-EE34-4969-B517-42F7A16AD45F}"
EndProject
Global
	GlobalSection(SolutionConfigurationPlatforms) = preSolution
		Debug|Any CPU = Debug|Any CPU
		Release|Any CPU = Release|Any CPU
	EndGlobalSection
	GlobalSection(ProjectConfigurationPlatforms) = postSolution
		{AEF10BD3-EE34-4969-B517-42F7A16AD45F}.Debug|Any CPU.ActiveCfg = Debug|Any CPU
		{AEF10BD3-EE34-4969-B517-42F7A16AD45F}.Debug|Any CPU.Build.0 = Debug|Any CPU
		{AEF10BD3-EE34-4969-B517-42F7A16AD45F}.Release|Any CPU.ActiveCfg = Release|Any CPU
		{AEF10BD3-EE34-4969-B517-42F7A16AD45F}.Release|Any CPU.Build.0 = Release|Any CPU
	EndGlobalSection
	GlobalSection(SolutionProperties) = preSolution
		HideSolutionNode = FALSE
	EndGlobalSection
	GlobalSection(ExtensibilityGlobals) = postSolution
		SolutionGuid = {67B33777-0AF0-4F01-8DC2-69F107A84110}
	EndGlobalSection
EndGlobal
